
Microsoft Visual Studio Solution File, Format Version 12.00
# Visual Studio Version 17
VisualStudioVersion = 17.0.31612.314
MinimumVisualStudioVersion = 10.0.40219.1
Project("{9A19103F-16F7-4668-BE54-9A1E7A4F7556}") = "DotnetCoreBackEndVueSPAFrontEnd", "DotnetCoreBackEndVueSPAFrontEnd.csproj", "{88976916-EF90-4112-8A99-F95BE128F415}"
EndProject
Global
	GlobalSection(SolutionConfigurationPlatforms) = preSolution
		Debug|Any CPU = Debug|Any CPU
		Release|Any CPU = Release|Any CPU
	EndGlobalSection
	GlobalSection(ProjectConfigurationPlatforms) = postSolution
		{88976916-EF90-4112-8A99-F95BE128F415}.Debug|Any CPU.ActiveCfg = Debug|Any CPU
		{88976916-EF90-4112-8A99-F95BE128F415}.Debug|Any CPU.Build.0 = Debug|Any CPU
		{88976916-EF90-4112-8A99-F95BE128F415}.Release|Any CPU.ActiveCfg = Release|Any CPU
		{88976916-EF90-4112-8A99-F95BE128F415}.Release|Any CPU.Build.0 = Release|Any CPU
	EndGlobalSection
	GlobalSection(SolutionProperties) = preSolution
		HideSolutionNode = FALSE
	EndGlobalSection
	GlobalSection(ExtensibilityGlobals) = postSolution
		SolutionGuid = {BC0274FA-A4F9-4B0F-84F3-9A4CA8ED6026}
	EndGlobalSection
EndGlobal
